// !$*UTF8*$!
{
	archiveVersion = 1;
	classes = {
	};
	objectVersion = 46;
	objects = {

/* Begin PBXBuildFile section */
		5A00FFB51F05805800113883 /* AppDelegate.swift in Sources */ = {isa = PBXBuildFile; fileRef = 5A00FFB41F05805800113883 /* AppDelegate.swift */; };
		5A00FFB71F05805800113883 /* ViewController.swift in Sources */ = {isa = PBXBuildFile; fileRef = 5A00FFB61F05805800113883 /* ViewController.swift */; };
		5A00FFBA1F05805800113883 /* Main.storyboard in Resources */ = {isa = PBXBuildFile; fileRef = 5A00FFB81F05805800113883 /* Main.storyboard */; };
		5A00FFBD1F05805800113883 /* Person_UI.xcdatamodeld in Sources */ = {isa = PBXBuildFile; fileRef = 5A00FFBB1F05805800113883 /* Person_UI.xcdatamodeld */; };
		5A00FFBF1F05805800113883 /* Assets.xcassets in Resources */ = {isa = PBXBuildFile; fileRef = 5A00FFBE1F05805800113883 /* Assets.xcassets */; };
		5A00FFC21F05805800113883 /* LaunchScreen.storyboard in Resources */ = {isa = PBXBuildFile; fileRef = 5A00FFC01F05805800113883 /* LaunchScreen.storyboard */; };
		5A00FFCD1F05805900113883 /* Person_UITests.swift in Sources */ = {isa = PBXBuildFile; fileRef = 5A00FFCC1F05805900113883 /* Person_UITests.swift */; };
		5A00FFD81F05805900113883 /* Person_UIUITests.swift in Sources */ = {isa = PBXBuildFile; fileRef = 5A00FFD71F05805900113883 /* Person_UIUITests.swift */; };
/* End PBXBuildFile section */

/* Begin PBXContainerItemProxy section */
		5A00FFC91F05805900113883 /* PBXContainerItemProxy */ = {
			isa = PBXContainerItemProxy;
			containerPortal = 5A00FFA91F05805800113883 /* Project object */;
			proxyType = 1;
			remoteGlobalIDString = 5A00FFB01F05805800113883;
			remoteInfo = "Person UI";
		};
		5A00FFD41F05805900113883 /* PBXContainerItemProxy */ = {
			isa = PBXContainerItemProxy;
			containerPortal = 5A00FFA91F05805800113883 /* Project object */;
			proxyType = 1;
			remoteGlobalIDString = 5A00FFB01F05805800113883;
			remoteInfo = "Person UI";
		};
/* End PBXContainerItemProxy section */

/* Begin PBXFileReference section */
		5A00FFB11F05805800113883 /* Person UI.app */ = {isa = PBXFileReference; explicitFileType = wrapper.application; includeInIndex = 0; path = "Person UI.app"; sourceTree = BUILT_PRODUCTS_DIR; };
		5A00FFB41F05805800113883 /* AppDelegate.swift */ = {isa = PBXFileReference; lastKnownFileType = sourcecode.swift; path = AppDelegate.swift; sourceTree = "<group>"; };
		5A00FFB61F05805800113883 /* ViewController.swift */ = {isa = PBXFileReference; lastKnownFileType = sourcecode.swift; path = ViewController.swift; sourceTree = "<group>"; };
		5A00FFB91F05805800113883 /* Base */ = {isa = PBXFileReference; lastKnownFileType = file.storyboard; name = Base; path = Base.lproj/Main.storyboard; sourceTree = "<group>"; };
		5A00FFBC1F05805800113883 /* Person_UI.xcdatamodel */ = {isa = PBXFileReference; lastKnownFileType = wrapper.xcdatamodel; path = Person_UI.xcdatamodel; sourceTree = "<group>"; };
		5A00FFBE1F05805800113883 /* Assets.xcassets */ = {isa = PBXFileReference; lastKnownFileType = folder.assetcatalog; path = Assets.xcassets; sourceTree = "<group>"; };
		5A00FFC11F05805800113883 /* Base */ = {isa = PBXFileReference; lastKnownFileType = file.storyboard; name = Base; path = Base.lproj/LaunchScreen.storyboard; sourceTree = "<group>"; };
		5A00FFC31F05805800113883 /* Info.plist */ = {isa = PBXFileReference; lastKnownFileType = text.plist.xml; path = Info.plist; sourceTree = "<group>"; };
		5A00FFC81F05805900113883 /* Person UITests.xctest */ = {isa = PBXFileReference; explicitFileType = wrapper.cfbundle; includeInIndex = 0; path = "Person UITests.xctest"; sourceTree = BUILT_PRODUCTS_DIR; };
		5A00FFCC1F05805900113883 /* Person_UITests.swift */ = {isa = PBXFileReference; lastKnownFileType = sourcecode.swift; path = Person_UITests.swift; sourceTree = "<group>"; };
		5A00FFCE1F05805900113883 /* Info.plist */ = {isa = PBXFileReference; lastKnownFileType = text.plist.xml; path = Info.plist; sourceTree = "<group>"; };
		5A00FFD31F05805900113883 /* Person UIUITests.xctest */ = {isa = PBXFileReference; explicitFileType = wrapper.cfbundle; includeInIndex = 0; path = "Person UIUITests.xctest"; sourceTree = BUILT_PRODUCTS_DIR; };
		5A00FFD71F05805900113883 /* Person_UIUITests.swift */ = {isa = PBXFileReference; lastKnownFileType = sourcecode.swift; path = Person_UIUITests.swift; sourceTree = "<group>"; };
		5A00FFD91F05805900113883 /* Info.plist */ = {isa = PBXFileReference; lastKnownFileType = text.plist.xml; path = Info.plist; sourceTree = "<group>"; };
/* End PBXFileReference section */

/* Begin PBXFrameworksBuildPhase section */
		5A00FFAE1F05805800113883 /* Frameworks */ = {
			isa = PBXFrameworksBuildPhase;
			buildActionMask = 2147483647;
			files = (
			);
			runOnlyForDeploymentPostprocessing = 0;
		};
		5A00FFC51F05805900113883 /* Frameworks */ = {
			isa = PBXFrameworksBuildPhase;
			buildActionMask = 2147483647;
			files = (
			);
			runOnlyForDeploymentPostprocessing = 0;
		};
		5A00FFD01F05805900113883 /* Frameworks */ = {
			isa = PBXFrameworksBuildPhase;
			buildActionMask = 2147483647;
			files = (
			);
			runOnlyForDeploymentPostprocessing = 0;
		};
/* End PBXFrameworksBuildPhase section */

/* Begin PBXGroup section */
		5A00FFA81F05805800113883 = {
			isa = PBXGroup;
			children = (
				5A00FFB31F05805800113883 /* Person UI */,
				5A00FFCB1F05805900113883 /* Person UITests */,
				5A00FFD61F05805900113883 /* Person UIUITests */,
				5A00FFB21F05805800113883 /* Products */,
			);
			sourceTree = "<group>";
		};
		5A00FFB21F05805800113883 /* Products */ = {
			isa = PBXGroup;
			children = (
				5A00FFB11F05805800113883 /* Person UI.app */,
				5A00FFC81F05805900113883 /* Person UITests.xctest */,
				5A00FFD31F05805900113883 /* Person UIUITests.xctest */,
			);
			name = Products;
			sourceTree = "<group>";
		};
		5A00FFB31F05805800113883 /* Person UI */ = {
			isa = PBXGroup;
			children = (
				5A00FFB41F05805800113883 /* AppDelegate.swift */,
				5A00FFB61F05805800113883 /* ViewController.swift */,
				5A00FFB81F05805800113883 /* Main.storyboard */,
				5A00FFBE1F05805800113883 /* Assets.xcassets */,
				5A00FFC01F05805800113883 /* LaunchScreen.storyboard */,
				5A00FFC31F05805800113883 /* Info.plist */,
				5A00FFBB1F05805800113883 /* Person_UI.xcdatamodeld */,
			);
			path = "Person UI";
			sourceTree = "<group>";
		};
		5A00FFCB1F05805900113883 /* Person UITests */ = {
			isa = PBXGroup;
			children = (
				5A00FFCC1F05805900113883 /* Person_UITests.swift */,
				5A00FFCE1F05805900113883 /* Info.plist */,
			);
			path = "Person UITests";
			sourceTree = "<group>";
		};
		5A00FFD61F05805900113883 /* Person UIUITests */ = {
			isa = PBXGroup;
			children = (
				5A00FFD71F05805900113883 /* Person_UIUITests.swift */,
				5A00FFD91F05805900113883 /* Info.plist */,
			);
			path = "Person UIUITests";
			sourceTree = "<group>";
		};
/* End PBXGroup section */

/* Begin PBXNativeTarget section */
		5A00FFB01F05805800113883 /* Person UI */ = {
			isa = PBXNativeTarget;
			buildConfigurationList = 5A00FFDC1F05805900113883 /* Build configuration list for PBXNativeTarget "Person UI" */;
			buildPhases = (
				5A00FFAD1F05805800113883 /* Sources */,
				5A00FFAE1F05805800113883 /* Frameworks */,
				5A00FFAF1F05805800113883 /* Resources */,
			);
			buildRules = (
			);
			dependencies = (
			);
			name = "Person UI";
			productName = "Person UI";
			productReference = 5A00FFB11F05805800113883 /* Person UI.app */;
			productType = "com.apple.product-type.application";
		};
		5A00FFC71F05805900113883 /* Person UITests */ = {
			isa = PBXNativeTarget;
			buildConfigurationList = 5A00FFDF1F05805900113883 /* Build configuration list for PBXNativeTarget "Person UITests" */;
			buildPhases = (
				5A00FFC41F05805900113883 /* Sources */,
				5A00FFC51F05805900113883 /* Frameworks */,
				5A00FFC61F05805900113883 /* Resources */,
			);
			buildRules = (
			);
			dependencies = (
				5A00FFCA1F05805900113883 /* PBXTargetDependency */,
			);
			name = "Person UITests";
			productName = "Person UITests";
			productReference = 5A00FFC81F05805900113883 /* Person UITests.xctest */;
			productType = "com.apple.product-type.bundle.unit-test";
		};
		5A00FFD21F05805900113883 /* Person UIUITests */ = {
			isa = PBXNativeTarget;
			buildConfigurationList = 5A00FFE21F05805900113883 /* Build configuration list for PBXNativeTarget "Person UIUITests" */;
			buildPhases = (
				5A00FFCF1F05805900113883 /* Sources */,
				5A00FFD01F05805900113883 /* Frameworks */,
				5A00FFD11F05805900113883 /* Resources */,
			);
			buildRules = (
			);
			dependencies = (
				5A00FFD51F05805900113883 /* PBXTargetDependency */,
			);
			name = "Person UIUITests";
			productName = "Person UIUITests";
			productReference = 5A00FFD31F05805900113883 /* Person UIUITests.xctest */;
			productType = "com.apple.product-type.bundle.ui-testing";
		};
/* End PBXNativeTarget section */

/* Begin PBXProject section */
		5A00FFA91F05805800113883 /* Project object */ = {
			isa = PBXProject;
			attributes = {
				LastSwiftUpdateCheck = 0830;
				LastUpgradeCheck = 0830;
				ORGANIZATIONNAME = "Trever Deardorff";
				TargetAttributes = {
					5A00FFB01F05805800113883 = {
						CreatedOnToolsVersion = 8.3.2;
						DevelopmentTeam = J6E4P3EG33;
						ProvisioningStyle = Automatic;
					};
					5A00FFC71F05805900113883 = {
						CreatedOnToolsVersion = 8.3.2;
						DevelopmentTeam = J6E4P3EG33;
						ProvisioningStyle = Automatic;
						TestTargetID = 5A00FFB01F05805800113883;
					};
					5A00FFD21F05805900113883 = {
						CreatedOnToolsVersion = 8.3.2;
						DevelopmentTeam = J6E4P3EG33;
						ProvisioningStyle = Automatic;
						TestTargetID = 5A00FFB01F05805800113883;
					};
				};
			};
			buildConfigurationList = 5A00FFAC1F05805800113883 /* Build configuration list for PBXProject "Person UI" */;
			compatibilityVersion = "Xcode 3.2";
			developmentRegion = English;
			hasScannedForEncodings = 0;
			knownRegions = (
				en,
				Base,
			);
			mainGroup = 5A00FFA81F05805800113883;
			productRefGroup = 5A00FFB21F05805800113883 /* Products */;
			projectDirPath = "";
			projectRoot = "";
			targets = (
				5A00FFB01F05805800113883 /* Person UI */,
				5A00FFC71F05805900113883 /* Person UITests */,
				5A00FFD21F05805900113883 /* Person UIUITests */,
			);
		};
/* End PBXProject section */

/* Begin PBXResourcesBuildPhase section */
		5A00FFAF1F05805800113883 /* Resources */ = {
			isa = PBXResourcesBuildPhase;
			buildActionMask = 2147483647;
			files = (
				5A00FFC21F05805800113883 /* LaunchScreen.storyboard in Resources */,
				5A00FFBF1F05805800113883 /* Assets.xcassets in Resources */,
				5A00FFBA1F05805800113883 /* Main.storyboard in Resources */,
			);
			runOnlyForDeploymentPostprocessing = 0;
		};
		5A00FFC61F05805900113883 /* Resources */ = {
			isa = PBXResourcesBuildPhase;
			buildActionMask = 2147483647;
			files = (
			);
			runOnlyForDeploymentPostprocessing = 0;
		};
		5A00FFD11F05805900113883 /* Resources */ = {
			isa = PBXResourcesBuildPhase;
			buildActionMask = 2147483647;
			files = (
			);
			runOnlyForDeploymentPostprocessing = 0;
		};
/* End PBXResourcesBuildPhase section */

/* Begin PBXSourcesBuildPhase section */
		5A00FFAD1F05805800113883 /* Sources */ = {
			isa = PBXSourcesBuildPhase;
			buildActionMask = 2147483647;
			files = (
				5A00FFBD1F05805800113883 /* Person_UI.xcdatamodeld in Sources */,
				5A00FFB71F05805800113883 /* ViewController.swift in Sources */,
				5A00FFB51F05805800113883 /* AppDelegate.swift in Sources */,
			);
			runOnlyForDeploymentPostprocessing = 0;
		};
		5A00FFC41F05805900113883 /* Sources */ = {
			isa = PBXSourcesBuildPhase;
			buildActionMask = 2147483647;
			files = (
				5A00FFCD1F05805900113883 /* Person_UITests.swift in Sources */,
			);
			runOnlyForDeploymentPostprocessing = 0;
		};
		5A00FFCF1F05805900113883 /* Sources */ = {
			isa = PBXSourcesBuildPhase;
			buildActionMask = 2147483647;
			files = (
				5A00FFD81F05805900113883 /* Person_UIUITests.swift in Sources */,
			);
			runOnlyForDeploymentPostprocessing = 0;
		};
/* End PBXSourcesBuildPhase section */

/* Begin PBXTargetDependency section */
		5A00FFCA1F05805900113883 /* PBXTargetDependency */ = {
			isa = PBXTargetDependency;
			target = 5A00FFB01F05805800113883 /* Person UI */;
			targetProxy = 5A00FFC91F05805900113883 /* PBXContainerItemProxy */;
		};
		5A00FFD51F05805900113883 /* PBXTargetDependency */ = {
			isa = PBXTargetDependency;
			target = 5A00FFB01F05805800113883 /* Person UI */;
			targetProxy = 5A00FFD41F05805900113883 /* PBXContainerItemProxy */;
		};
/* End PBXTargetDependency section */

/* Begin PBXVariantGroup section */
		5A00FFB81F05805800113883 /* Main.storyboard */ = {
			isa = PBXVariantGroup;
			children = (
				5A00FFB91F05805800113883 /* Base */,
			);
			name = Main.storyboard;
			sourceTree = "<group>";
		};
		5A00FFC01F05805800113883 /* LaunchScreen.storyboard */ = {
			isa = PBXVariantGroup;
			children = (
				5A00FFC11F05805800113883 /* Base */,
			);
			name = LaunchScreen.storyboard;
			sourceTree = "<group>";
		};
/* End PBXVariantGroup section */

/* Begin XCBuildConfiguration section */
		5A00FFDA1F05805900113883 /* Debug */ = {
			isa = XCBuildConfiguration;
			buildSettings = {
				ALWAYS_SEARCH_USER_PATHS = NO;
				CLANG_ANALYZER_NONNULL = YES;
				CLANG_ANALYZER_NUMBER_OBJECT_CONVERSION = YES_AGGRESSIVE;
				CLANG_CXX_LANGUAGE_STANDARD = "gnu++0x";
				CLANG_CXX_LIBRARY = "libc++";
				CLANG_ENABLE_MODULES = YES;
				CLANG_ENABLE_OBJC_ARC = YES;
				CLANG_WARN_BOOL_CONVERSION = YES;
				CLANG_WARN_CONSTANT_CONVERSION = YES;
				CLANG_WARN_DIRECT_OBJC_ISA_USAGE = YES_ERROR;
				CLANG_WARN_DOCUMENTATION_COMMENTS = YES;
				CLANG_WARN_EMPTY_BODY = YES;
				CLANG_WARN_ENUM_CONVERSION = YES;
				CLANG_WARN_INFINITE_RECURSION = YES;
				CLANG_WARN_INT_CONVERSION = YES;
				CLANG_WARN_OBJC_ROOT_CLASS = YES_ERROR;
				CLANG_WARN_SUSPICIOUS_MOVE = YES;
				CLANG_WARN_UNREACHABLE_CODE = YES;
				CLANG_WARN__DUPLICATE_METHOD_MATCH = YES;
				"CODE_SIGN_IDENTITY[sdk=iphoneos*]" = "iPhone Developer";
				COPY_PHASE_STRIP = NO;
				DEBUG_INFORMATION_FORMAT = dwarf;
				ENABLE_STRICT_OBJC_MSGSEND = YES;
				ENABLE_TESTABILITY = YES;
				GCC_C_LANGUAGE_STANDARD = gnu99;
				GCC_DYNAMIC_NO_PIC = NO;
				GCC_NO_COMMON_BLOCKS = YES;
				GCC_OPTIMIZATION_LEVEL = 0;
				GCC_PREPROCESSOR_DEFINITIONS = (
					"DEBUG=1",
					"$(inherited)",
				);
				GCC_WARN_64_TO_32_BIT_CONVERSION = YES;
				GCC_WARN_ABOUT_RETURN_TYPE = YES_ERROR;
				GCC_WARN_UNDECLARED_SELECTOR = YES;
				GCC_WARN_UNINITIALIZED_AUTOS = YES_AGGRESSIVE;
				GCC_WARN_UNUSED_FUNCTION = YES;
				GCC_WARN_UNUSED_VARIABLE = YES;
				IPHONEOS_DEPLOYMENT_TARGET = 10.3;
				MTL_ENABLE_DEBUG_INFO = YES;
				ONLY_ACTIVE_ARCH = YES;
				SDKROOT = iphoneos;
				SWIFT_ACTIVE_COMPILATION_CONDITIONS = DEBUG;
				SWIFT_OPTIMIZATION_LEVEL = "-Onone";
				TARGETED_DEVICE_FAMILY = "1,2";
			};
			name = Debug;
		};
		5A00FFDB1F05805900113883 /* Release */ = {
			isa = XCBuildConfiguration;
			buildSettings = {
				ALWAYS_SEARCH_USER_PATHS = NO;
				CLANG_ANALYZER_NONNULL = YES;
				CLANG_ANALYZER_NUMBER_OBJECT_CONVERSION = YES_AGGRESSIVE;
				CLANG_CXX_LANGUAGE_STANDARD = "gnu++0x";
				CLANG_CXX_LIBRARY = "libc++";
				CLANG_ENABLE_MODULES = YES;
				CLANG_ENABLE_OBJC_ARC = YES;
				CLANG_WARN_BOOL_CONVERSION = YES;
				CLANG_WARN_CONSTANT_CONVERSION = YES;
				CLANG_WARN_DIRECT_OBJC_ISA_USAGE = YES_ERROR;
				CLANG_WARN_DOCUMENTATION_COMMENTS = YES;
				CLANG_WARN_EMPTY_BODY = YES;
				CLANG_WARN_ENUM_CONVERSION = YES;
				CLANG_WARN_INFINITE_RECURSION = YES;
				CLANG_WARN_INT_CONVERSION = YES;
				CLANG_WARN_OBJC_ROOT_CLASS = YES_ERROR;
				CLANG_WARN_SUSPICIOUS_MOVE = YES;
				CLANG_WARN_UNREACHABLE_CODE = YES;
				CLANG_WARN__DUPLICATE_METHOD_MATCH = YES;
				"CODE_SIGN_IDENTITY[sdk=iphoneos*]" = "iPhone Developer";
				COPY_PHASE_STRIP = NO;
				DEBUG_INFORMATION_FORMAT = "dwarf-with-dsym";
				ENABLE_NS_ASSERTIONS = NO;
				ENABLE_STRICT_OBJC_MSGSEND = YES;
				GCC_C_LANGUAGE_STANDARD = gnu99;
				GCC_NO_COMMON_BLOCKS = YES;
				GCC_WARN_64_TO_32_BIT_CONVERSION = YES;
				GCC_WARN_ABOUT_RETURN_TYPE = YES_ERROR;
				GCC_WARN_UNDECLARED_SELECTOR = YES;
				GCC_WARN_UNINITIALIZED_AUTOS = YES_AGGRESSIVE;
				GCC_WARN_UNUSED_FUNCTION = YES;
				GCC_WARN_UNUSED_VARIABLE = YES;
				IPHONEOS_DEPLOYMENT_TARGET = 10.3;
				MTL_ENABLE_DEBUG_INFO = NO;
				SDKROOT = iphoneos;
				SWIFT_OPTIMIZATION_LEVEL = "-Owholemodule";
				TARGETED_DEVICE_FAMILY = "1,2";
				VALIDATE_PRODUCT = YES;
			};
			name = Release;
		};
		5A00FFDD1F05805900113883 /* Debug */ = {
			isa = XCBuildConfiguration;
			buildSettings = {
				ASSETCATALOG_COMPILER_APPICON_NAME = AppIcon;
				DEVELOPMENT_TEAM = J6E4P3EG33;
				INFOPLIST_FILE = "Person UI/Info.plist";
				LD_RUNPATH_SEARCH_PATHS = "$(inherited) @executable_path/Frameworks";
				PRODUCT_BUNDLE_IDENTIFIER = "edu.missouri.Person-UI";
				PRODUCT_NAME = "$(TARGET_NAME)";
				SWIFT_VERSION = 3.0;
			};
			name = Debug;
		};
		5A00FFDE1F05805900113883 /* Release */ = {
			isa = XCBuildConfiguration;
			buildSettings = {
				ASSETCATALOG_COMPILER_APPICON_NAME = AppIcon;
				DEVELOPMENT_TEAM = J6E4P3EG33;
				INFOPLIST_FILE = "Person UI/Info.plist";
				LD_RUNPATH_SEARCH_PATHS = "$(inherited) @executable_path/Frameworks";
				PRODUCT_BUNDLE_IDENTIFIER = "edu.missouri.Person-UI";
				PRODUCT_NAME = "$(TARGET_NAME)";
				SWIFT_VERSION = 3.0;
			};
			name = Release;
		};
		5A00FFE01F05805900113883 /* Debug */ = {
			isa = XCBuildConfiguration;
			buildSettings = {
				ALWAYS_EMBED_SWIFT_STANDARD_LIBRARIES = YES;
				BUNDLE_LOADER = "$(TEST_HOST)";
				DEVELOPMENT_TEAM = J6E4P3EG33;
				INFOPLIST_FILE = "Person UITests/Info.plist";
				LD_RUNPATH_SEARCH_PATHS = "$(inherited) @executable_path/Frameworks @loader_path/Frameworks";
				PRODUCT_BUNDLE_IDENTIFIER = "edu.missouri.Person-UITests";
				PRODUCT_NAME = "$(TARGET_NAME)";
				SWIFT_VERSION = 3.0;
				TEST_HOST = "$(BUILT_PRODUCTS_DIR)/Person UI.app/Person UI";
			};
			name = Debug;
		};
		5A00FFE11F05805900113883 /* Release */ = {
			isa = XCBuildConfiguration;
			buildSettings = {
				ALWAYS_EMBED_SWIFT_STANDARD_LIBRARIES = YES;
				BUNDLE_LOADER = "$(TEST_HOST)";
				DEVELOPMENT_TEAM = J6E4P3EG33;
				INFOPLIST_FILE = "Person UITests/Info.plist";
				LD_RUNPATH_SEARCH_PATHS = "$(inherited) @executable_path/Frameworks @loader_path/Frameworks";
				PRODUCT_BUNDLE_IDENTIFIER = "edu.missouri.Person-UITests";
				PRODUCT_NAME = "$(TARGET_NAME)";
				SWIFT_VERSION = 3.0;
				TEST_HOST = "$(BUILT_PRODUCTS_DIR)/Person UI.app/Person UI";
			};
			name = Release;
		};
		5A00FFE31F05805900113883 /* Debug */ = {
			isa = XCBuildConfiguration;
			buildSettings = {
				ALWAYS_EMBED_SWIFT_STANDARD_LIBRARIES = YES;
				DEVELOPMENT_TEAM = J6E4P3EG33;
				INFOPLIST_FILE = "Person UIUITests/Info.plist";
				LD_RUNPATH_SEARCH_PATHS = "$(inherited) @executable_path/Frameworks @loader_path/Frameworks";
				PRODUCT_BUNDLE_IDENTIFIER = "edu.missouri.Person-UIUITests";
				PRODUCT_NAME = "$(TARGET_NAME)";
				SWIFT_VERSION = 3.0;
				TEST_TARGET_NAME = "Person UI";
			};
			name = Debug;
		};
		5A00FFE41F05805900113883 /* Release */ = {
			isa = XCBuildConfiguration;
			buildSettings = {
				ALWAYS_EMBED_SWIFT_STANDARD_LIBRARIES = YES;
				DEVELOPMENT_TEAM = J6E4P3EG33;
				INFOPLIST_FILE = "Person UIUITests/Info.plist";
				LD_RUNPATH_SEARCH_PATHS = "$(inherited) @executable_path/Frameworks @loader_path/Frameworks";
				PRODUCT_BUNDLE_IDENTIFIER = "edu.missouri.Person-UIUITests";
				PRODUCT_NAME = "$(TARGET_NAME)";
				SWIFT_VERSION = 3.0;
				TEST_TARGET_NAME = "Person UI";
			};
			name = Release;
		};
/* End XCBuildConfiguration section */

/* Begin XCConfigurationList section */
		5A00FFAC1F05805800113883 /* Build configuration list for PBXProject "Person UI" */ = {
			isa = XCConfigurationList;
			buildConfigurations = (
				5A00FFDA1F05805900113883 /* Debug */,
				5A00FFDB1F05805900113883 /* Release */,
			);
			defaultConfigurationIsVisible = 0;
			defaultConfigurationName = Release;
		};
		5A00FFDC1F05805900113883 /* Build configuration list for PBXNativeTarget "Person UI" */ = {
			isa = XCConfigurationList;
			buildConfigurations = (
				5A00FFDD1F05805900113883 /* Debug */,
				5A00FFDE1F05805900113883 /* Release */,
			);
			defaultConfigurationIsVisible = 0;
		};
		5A00FFDF1F05805900113883 /* Build configuration list for PBXNativeTarget "Person UITests" */ = {
			isa = XCConfigurationList;
			buildConfigurations = (
				5A00FFE01F05805900113883 /* Debug */,
				5A00FFE11F05805900113883 /* Release */,
			);
			defaultConfigurationIsVisible = 0;
		};
		5A00FFE21F05805900113883 /* Build configuration list for PBXNativeTarget "Person UIUITests" */ = {
			isa = XCConfigurationList;
			buildConfigurations = (
				5A00FFE31F05805900113883 /* Debug */,
				5A00FFE41F05805900113883 /* Release */,
			);
			defaultConfigurationIsVisible = 0;
		};
/* End XCConfigurationList section */

/* Begin XCVersionGroup section */
		5A00FFBB1F05805800113883 /* Person_UI.xcdatamodeld */ = {
			isa = XCVersionGroup;
			children = (
				5A00FFBC1F05805800113883 /* Person_UI.xcdatamodel */,
			);
			currentVersion = 5A00FFBC1F05805800113883 /* Person_UI.xcdatamodel */;
			path = Person_UI.xcdatamodeld;
			sourceTree = "<group>";
			versionGroupType = wrapper.xcdatamodel;
		};
/* End XCVersionGroup section */
	};
	rootObject = 5A00FFA91F05805800113883 /* Project object */;
}
